# This file is automatically @generated by Cargo.
# It is not intended for manual editing.
version = 3

[[package]]
name = "aoc-2022-rust"
version = "0.1.0"

[[package]]
name = "aoc_helpers"
version = "0.1.0"

[[package]]
name = "day1"
version = "0.1.0"
dependencies = [
 "aoc_helpers",
]

[[package]]
name = "day2"
version = "0.1.0"
dependencies = [
 "aoc_helpers",
]

[[package]]
name = "day3"
version = "0.1.0"
dependencies = [
 "aoc_helpers",
]
